
Microsoft Visual Studio Solution File, Format Version 12.00
# Visual Studio Version 16
VisualStudioVersion = 16.0.29911.84
MinimumVisualStudioVersion = 10.0.40219.1
Project("{888888A0-9F3D-457C-B088-3A5042F75D52}") = "PodstawyBiometri01", "PodstawyBiometri01.pyproj", "{6C58D3ED-B85F-4A9D-BB8C-B7A8A4F4C157}"
EndProject
Global
	GlobalSection(SolutionConfigurationPlatforms) = preSolution
		Debug|Any CPU = Debug|Any CPU
		Release|Any CPU = Release|Any CPU
	EndGlobalSection
	GlobalSection(ProjectConfigurationPlatforms) = postSolution
		{6C58D3ED-B85F-4A9D-BB8C-B7A8A4F4C157}.Debug|Any CPU.ActiveCfg = Debug|Any CPU
		{6C58D3ED-B85F-4A9D-BB8C-B7A8A4F4C157}.Release|Any CPU.ActiveCfg = Release|Any CPU
	EndGlobalSection
	GlobalSection(SolutionProperties) = preSolution
		HideSolutionNode = FALSE
	EndGlobalSection
	GlobalSection(ExtensibilityGlobals) = postSolution
		SolutionGuid = {14AB5768-1E4E-4284-893A-F15D8AAE90BD}
	EndGlobalSection
EndGlobal
